// !$*UTF8*$!
{
	archiveVersion = 1;
	classes = {
	};
	objectVersion = 77;
	objects = {

/* Begin PBXBuildFile section */
		2726C0392FDF0DFE00DF2EEB /* WidgetKit.framework in Frameworks */ = {isa = PBXBuildFile; fileRef = 2726C0382FDF0DFE00DF2EEB /* WidgetKit.framework */; };
		2726C03B2FDF0DFE00DF2EEB /* SwiftUI.framework in Frameworks */ = {isa = PBXBuildFile; fileRef = 2726C03A2FDF0DFE00DF2EEB /* SwiftUI.framework */; };
		2726C0482FDF0DFF00DF2EEB /* PrivateLiftWidgetExtension.appex in Embed Foundation Extensions */ = {isa = PBXBuildFile; fileRef = 2726C0372FDF0DFE00DF2EEB /* PrivateLiftWidgetExtension.appex */; settings = {ATTRIBUTES = (RemoveHeadersOnCopy, ); }; };
		277DFE132FCCA24300D40D44 /* web in Resources */ = {isa = PBXBuildFile; fileRef = 277DFE122FCCA24300D40D44 /* web */; };
		32A5B35F02F8DBDC9D9FED41 /* WatchConnectivityManager.swift in Sources */ = {isa = PBXBuildFile; fileRef = FA3200270C6488FBA8EE2989 /* WatchConnectivityManager.swift */; };
		49905BC98133EF24A24333B4 /* WatchApp.swift in Sources */ = {isa = PBXBuildFile; fileRef = 49355AEFF9B543C281B31981 /* WatchApp.swift */; };
		6F0CAAD976BE0A0E27A98E04 /* Foundation.framework in Frameworks */ = {isa = PBXBuildFile; fileRef = D2266A611E3E736A732AECD0 /* Foundation.framework */; };
		9ED0E1E0EBA013056CA073DD /* WatchDashboardView.swift in Sources */ = {isa = PBXBuildFile; fileRef = CAABA34F4A4710C21AB62BF2 /* WatchDashboardView.swift */; };
		A1B2C3D4E5F60718A9B0C1D2 /* WatchLogSetView.swift in Sources */ = {isa = PBXBuildFile; fileRef = A1B2C3D4E5F60718A9B0C1D3 /* WatchLogSetView.swift */; };
		A908FAF982F7FBF220B53450 /* PersonalLiftWatch.app in Embed Watch Content */ = {isa = PBXBuildFile; fileRef = 6D41D251C2AD2743ED6B6B3F /* PersonalLiftWatch.app */; settings = {ATTRIBUTES = (RemoveHeadersOnCopy, ); }; };
		B2C3D4E5F6071819A0B1C2D3 /* Assets.xcassets in Resources */ = {isa = PBXBuildFile; fileRef = B2C3D4E5F6071819A0B1C2D4 /* Assets.xcassets */; };
/* End PBXBuildFile section */

/* Begin PBXContainerItemProxy section */
		2726C0462FDF0DFF00DF2EEB /* PBXContainerItemProxy */ = {
			isa = PBXContainerItemProxy;
			containerPortal = 277DFDE72FCC95C900D40D44 /* Project object */;
			proxyType = 1;
			remoteGlobalIDString = 2726C0362FDF0DFE00DF2EEB;
			remoteInfo = PrivateLiftWidgetExtension;
		};
		3238E8CE7CE7645DF8C65F7E /* PBXContainerItemProxy */ = {
			isa = PBXContainerItemProxy;
			containerPortal = 277DFDE72FCC95C900D40D44 /* Project object */;
			proxyType = 1;
			remoteGlobalIDString = C5428368A3E29008BA85924E;
			remoteInfo = PersonalLiftWatch;
		};
/* End PBXContainerItemProxy section */

/* Begin PBXCopyFilesBuildPhase section */
		2726C0492FDF0DFF00DF2EEB /* Embed Foundation Extensions */ = {
			isa = PBXCopyFilesBuildPhase;
			buildActionMask = 2147483647;
			dstPath = "";
			dstSubfolderSpec = 13;
			files = (
				2726C0482FDF0DFF00DF2EEB /* PrivateLiftWidgetExtension.appex in Embed Foundation Extensions */,
			);
			name = "Embed Foundation Extensions";
			runOnlyForDeploymentPostprocessing = 0;
		};
		5F99202321594615BDA3D96E /* Embed Watch Content */ = {
			isa = PBXCopyFilesBuildPhase;
			buildActionMask = 2147483647;
			dstPath = "$(CONTENTS_FOLDER_PATH)/Watch";
			dstSubfolderSpec = 16;
			files = (
				A908FAF982F7FBF220B53450 /* PersonalLiftWatch.app in Embed Watch Content */,
			);
			name = "Embed Watch Content";
			runOnlyForDeploymentPostprocessing = 0;
		};
/* End PBXCopyFilesBuildPhase section */

/* Begin PBXFileReference section */
		2726C0372FDF0DFE00DF2EEB /* PrivateLiftWidgetExtension.appex */ = {isa = PBXFileReference; explicitFileType = "wrapper.app-extension"; includeInIndex = 0; path = PrivateLiftWidgetExtension.appex; sourceTree = BUILT_PRODUCTS_DIR; };
		2726C0382FDF0DFE00DF2EEB /* WidgetKit.framework */ = {isa = PBXFileReference; lastKnownFileType = wrapper.framework; name = WidgetKit.framework; path = System/Library/Frameworks/WidgetKit.framework; sourceTree = SDKROOT; };
		2726C03A2FDF0DFE00DF2EEB /* SwiftUI.framework */ = {isa = PBXFileReference; lastKnownFileType = wrapper.framework; name = SwiftUI.framework; path = System/Library/Frameworks/SwiftUI.framework; sourceTree = SDKROOT; };
		277DFDEF2FCC95C900D40D44 /* PrivateLift.app */ = {isa = PBXFileReference; explicitFileType = wrapper.application; includeInIndex = 0; path = PrivateLift.app; sourceTree = BUILT_PRODUCTS_DIR; };
		277DFE122FCCA24300D40D44 /* web */ = {isa = PBXFileReference; lastKnownFileType = folder; path = web; sourceTree = "<group>"; };
		46FAA78421491E74A33302A8 /* PersonalLiftWatch.app */ = {isa = PBXFileReference; explicitFileType = wrapper.application; includeInIndex = 0; path = PersonalLiftWatch.app; sourceTree = BUILT_PRODUCTS_DIR; };
		49355AEFF9B543C281B31981 /* WatchApp.swift */ = {isa = PBXFileReference; includeInIndex = 1; lastKnownFileType = sourcecode.swift; path = WatchApp.swift; sourceTree = "<group>"; };
		6D41D251C2AD2743ED6B6B3F /* PersonalLiftWatch.app */ = {isa = PBXFileReference; explicitFileType = wrapper.application; includeInIndex = 0; path = PersonalLiftWatch.app; sourceTree = BUILT_PRODUCTS_DIR; };
		A1B2C3D4E5F60718A9B0C1D3 /* WatchLogSetView.swift */ = {isa = PBXFileReference; includeInIndex = 1; lastKnownFileType = sourcecode.swift; path = WatchLogSetView.swift; sourceTree = "<group>"; };
		B2C3D4E5F6071819A0B1C2D4 /* Assets.xcassets */ = {isa = PBXFileReference; lastKnownFileType = folder.assetcatalog; path = Assets.xcassets; sourceTree = "<group>"; };
		CAABA34F4A4710C21AB62BF2 /* WatchDashboardView.swift */ = {isa = PBXFileReference; includeInIndex = 1; lastKnownFileType = sourcecode.swift; path = WatchDashboardView.swift; sourceTree = "<group>"; };
		D2266A611E3E736A732AECD0 /* Foundation.framework */ = {isa = PBXFileReference; lastKnownFileType = wrapper.framework; name = Foundation.framework; path = Platforms/WatchOS.platform/Developer/SDKs/WatchOS11.0.sdk/System/Library/Frameworks/Foundation.framework; sourceTree = DEVELOPER_DIR; };
		FA3200270C6488FBA8EE2989 /* WatchConnectivityManager.swift */ = {isa = PBXFileReference; includeInIndex = 1; lastKnownFileType = sourcecode.swift; path = WatchConnectivityManager.swift; sourceTree = "<group>"; };
/* End PBXFileReference section */

/* Begin PBXFileSystemSynchronizedBuildFileExceptionSet section */
		2726C04D2FDF0DFF00DF2EEB /* Exceptions for "PrivateLiftWidget" folder in "PrivateLiftWidgetExtension" target */ = {
			isa = PBXFileSystemSynchronizedBuildFileExceptionSet;
			membershipExceptions = (
				Info.plist,
			);
			target = 2726C0362FDF0DFE00DF2EEB /* PrivateLiftWidgetExtension */;
		};
		27DEDF642FD1DA8A00A52EBA /* Exceptions for "PrivateLift/PrivateLift" folder in "PrivateLift" target */ = {
			isa = PBXFileSystemSynchronizedBuildFileExceptionSet;
			membershipExceptions = (
				Info.plist,
			);
			target = 277DFDEE2FCC95C900D40D44 /* PrivateLift */;
		};
/* End PBXFileSystemSynchronizedBuildFileExceptionSet section */

/* Begin PBXFileSystemSynchronizedRootGroup section */
		2726C03C2FDF0DFE00DF2EEB /* PrivateLiftWidget */ = {
			isa = PBXFileSystemSynchronizedRootGroup;
			exceptions = (
				2726C04D2FDF0DFF00DF2EEB /* Exceptions for "PrivateLiftWidget" folder in "PrivateLiftWidgetExtension" target */,
			);
			path = PrivateLiftWidget;
			sourceTree = "<group>";
		};
		277DFDF12FCC95C900D40D44 /* PrivateLift/PrivateLift */ = {
			isa = PBXFileSystemSynchronizedRootGroup;
			exceptions = (
				27DEDF642FD1DA8A00A52EBA /* Exceptions for "PrivateLift/PrivateLift" folder in "PrivateLift" target */,
			);
			path = PrivateLift/PrivateLift;
			sourceTree = "<group>";
		};
/* End PBXFileSystemSynchronizedRootGroup section */

/* Begin PBXFrameworksBuildPhase section */
		2726C0342FDF0DFE00DF2EEB /* Frameworks */ = {
			isa = PBXFrameworksBuildPhase;
			buildActionMask = 2147483647;
			files = (
				2726C03B2FDF0DFE00DF2EEB /* SwiftUI.framework in Frameworks */,
				2726C0392FDF0DFE00DF2EEB /* WidgetKit.framework in Frameworks */,
			);
			runOnlyForDeploymentPostprocessing = 0;
		};
		277DFDEC2FCC95C900D40D44 /* Frameworks */ = {
			isa = PBXFrameworksBuildPhase;
			buildActionMask = 2147483647;
			files = (
			);
			runOnlyForDeploymentPostprocessing = 0;
		};
		A1D07F7F3984BDE47925A76A /* Frameworks */ = {
			isa = PBXFrameworksBuildPhase;
			buildActionMask = 2147483647;
			files = (
				6F0CAAD976BE0A0E27A98E04 /* Foundation.framework in Frameworks */,
			);
			runOnlyForDeploymentPostprocessing = 0;
		};
/* End PBXFrameworksBuildPhase section */

/* Begin PBXGroup section */
		258CC6927D9F9EC83E8AE20B /* Frameworks */ = {
			isa = PBXGroup;
			children = (
				BEE4803F7F9E6D5395E969D0 /* watchOS */,
				2726C0382FDF0DFE00DF2EEB /* WidgetKit.framework */,
				2726C03A2FDF0DFE00DF2EEB /* SwiftUI.framework */,
			);
			name = Frameworks;
			sourceTree = "<group>";
		};
		277DFDE62FCC95C900D40D44 = {
			isa = PBXGroup;
			children = (
				277DFE122FCCA24300D40D44 /* web */,
				277DFDF12FCC95C900D40D44 /* PrivateLift/PrivateLift */,
				2726C03C2FDF0DFE00DF2EEB /* PrivateLiftWidget */,
				277DFDF02FCC95C900D40D44 /* Products */,
				258CC6927D9F9EC83E8AE20B /* Frameworks */,
				6CC6D0AFAB68DDEB7A3DFC56 /* PrivateLiftWatch */,
			);
			sourceTree = "<group>";
		};
		277DFDF02FCC95C900D40D44 /* Products */ = {
			isa = PBXGroup;
			children = (
				277DFDEF2FCC95C900D40D44 /* PrivateLift.app */,
				46FAA78421491E74A33302A8 /* PersonalLiftWatch.app */,
				6D41D251C2AD2743ED6B6B3F /* PersonalLiftWatch.app */,
				2726C0372FDF0DFE00DF2EEB /* PrivateLiftWidgetExtension.appex */,
			);
			name = Products;
			sourceTree = "<group>";
		};
		6CC6D0AFAB68DDEB7A3DFC56 /* PrivateLiftWatch */ = {
			isa = PBXGroup;
			children = (
				49355AEFF9B543C281B31981 /* WatchApp.swift */,
				CAABA34F4A4710C21AB62BF2 /* WatchDashboardView.swift */,
				A1B2C3D4E5F60718A9B0C1D3 /* WatchLogSetView.swift */,
				FA3200270C6488FBA8EE2989 /* WatchConnectivityManager.swift */,
				B2C3D4E5F6071819A0B1C2D4 /* Assets.xcassets */,
			);
			path = PrivateLiftWatch;
			sourceTree = "<group>";
		};
		BEE4803F7F9E6D5395E969D0 /* watchOS */ = {
			isa = PBXGroup;
			children = (
				D2266A611E3E736A732AECD0 /* Foundation.framework */,
			);
			name = watchOS;
			sourceTree = "<group>";
		};
/* End PBXGroup section */

/* Begin PBXNativeTarget section */
		2726C0362FDF0DFE00DF2EEB /* PrivateLiftWidgetExtension */ = {
			isa = PBXNativeTarget;
			buildConfigurationList = 2726C04C2FDF0DFF00DF2EEB /* Build configuration list for PBXNativeTarget "PrivateLiftWidgetExtension" */;
			buildPhases = (
				2726C0332FDF0DFE00DF2EEB /* Sources */,
				2726C0342FDF0DFE00DF2EEB /* Frameworks */,
				2726C0352FDF0DFE00DF2EEB /* Resources */,
			);
			buildRules = (
			);
			dependencies = (
			);
			fileSystemSynchronizedGroups = (
				2726C03C2FDF0DFE00DF2EEB /* PrivateLiftWidget */,
			);
			name = PrivateLiftWidgetExtension;
			packageProductDependencies = (
			);
			productName = PrivateLiftWidgetExtension;
			productReference = 2726C0372FDF0DFE00DF2EEB /* PrivateLiftWidgetExtension.appex */;
			productType = "com.apple.product-type.app-extension";
		};
		277DFDEE2FCC95C900D40D44 /* PrivateLift */ = {
			isa = PBXNativeTarget;
			buildConfigurationList = 277DFDFA2FCC95CB00D40D44 /* Build configuration list for PBXNativeTarget "PrivateLift" */;
			buildPhases = (
				277DFDEB2FCC95C900D40D44 /* Sources */,
				277DFDEC2FCC95C900D40D44 /* Frameworks */,
				277DFDED2FCC95C900D40D44 /* Resources */,
				5F99202321594615BDA3D96E /* Embed Watch Content */,
				2726C0492FDF0DFF00DF2EEB /* Embed Foundation Extensions */,
			);
			buildRules = (
			);
			dependencies = (
				C21633C9D7EA4A9F60FE5826 /* PBXTargetDependency */,
				2726C0472FDF0DFF00DF2EEB /* PBXTargetDependency */,
			);
			fileSystemSynchronizedGroups = (
				277DFDF12FCC95C900D40D44 /* PrivateLift/PrivateLift */,
			);
			name = PrivateLift;
			productName = PrivateLift;
			productReference = 277DFDEF2FCC95C900D40D44 /* PrivateLift.app */;
			productType = "com.apple.product-type.application";
		};
		C5428368A3E29008BA85924E /* PersonalLiftWatch */ = {
			isa = PBXNativeTarget;
			buildConfigurationList = 30FDC387DC347E5206F438E1 /* Build configuration list for PBXNativeTarget "PersonalLiftWatch" */;
			buildPhases = (
				BFA7E74941AB1107213324E5 /* Sources */,
				A1D07F7F3984BDE47925A76A /* Frameworks */,
				32492E336C25AE82B2D1382F /* Resources */,
			);
			buildRules = (
			);
			dependencies = (
			);
			name = PersonalLiftWatch;
			productName = PersonalLiftWatch;
			productReference = 6D41D251C2AD2743ED6B6B3F /* PersonalLiftWatch.app */;
			productType = "com.apple.product-type.application";
		};
/* End PBXNativeTarget section */

/* Begin PBXProject section */
		277DFDE72FCC95C900D40D44 /* Project object */ = {
			isa = PBXProject;
			attributes = {
				BuildIndependentTargetsInParallel = 1;
				LastSwiftUpdateCheck = 2650;
				LastUpgradeCheck = 2700;
				TargetAttributes = {
					2726C0362FDF0DFE00DF2EEB = {
						CreatedOnToolsVersion = 26.5;
					};
					277DFDEE2FCC95C900D40D44 = {
						CreatedOnToolsVersion = 26.5;
						SystemCapabilities = {
							com.apple.BackgroundModes = {
								enabled = 1;
							};
						};
					};
					C5428368A3E29008BA85924E = {
						CreatedOnToolsVersion = 26.5;
					};
				};
			};
			buildConfigurationList = 277DFDEA2FCC95C900D40D44 /* Build configuration list for PBXProject "PrivateLift" */;
			developmentRegion = en;
			hasScannedForEncodings = 0;
			knownRegions = (
				en,
				Base,
			);
			mainGroup = 277DFDE62FCC95C900D40D44;
			minimizedProjectReferenceProxies = 1;
			preferredProjectObjectVersion = 77;
			productRefGroup = 277DFDF02FCC95C900D40D44 /* Products */;
			projectDirPath = "";
			projectRoot = "";
			targets = (
				277DFDEE2FCC95C900D40D44 /* PrivateLift */,
				C5428368A3E29008BA85924E /* PersonalLiftWatch */,
				2726C0362FDF0DFE00DF2EEB /* PrivateLiftWidgetExtension */,
			);
		};
/* End PBXProject section */

/* Begin PBXResourcesBuildPhase section */
		2726C0352FDF0DFE00DF2EEB /* Resources */ = {
			isa = PBXResourcesBuildPhase;
			buildActionMask = 2147483647;
			files = (
			);
			runOnlyForDeploymentPostprocessing = 0;
		};
		277DFDED2FCC95C900D40D44 /* Resources */ = {
			isa = PBXResourcesBuildPhase;
			buildActionMask = 2147483647;
			files = (
				277DFE132FCCA24300D40D44 /* web in Resources */,
			);
			runOnlyForDeploymentPostprocessing = 0;
		};
		32492E336C25AE82B2D1382F /* Resources */ = {
			isa = PBXResourcesBuildPhase;
			buildActionMask = 2147483647;
			files = (
				B2C3D4E5F6071819A0B1C2D3 /* Assets.xcassets in Resources */,
			);
			runOnlyForDeploymentPostprocessing = 0;
		};
/* End PBXResourcesBuildPhase section */

/* Begin PBXSourcesBuildPhase section */
		2726C0332FDF0DFE00DF2EEB /* Sources */ = {
			isa = PBXSourcesBuildPhase;
			buildActionMask = 2147483647;
			files = (
			);
			runOnlyForDeploymentPostprocessing = 0;
		};
		277DFDEB2FCC95C900D40D44 /* Sources */ = {
			isa = PBXSourcesBuildPhase;
			buildActionMask = 2147483647;
			files = (
			);
			runOnlyForDeploymentPostprocessing = 0;
		};
		BFA7E74941AB1107213324E5 /* Sources */ = {
			isa = PBXSourcesBuildPhase;
			buildActionMask = 2147483647;
			files = (
				49905BC98133EF24A24333B4 /* WatchApp.swift in Sources */,
				9ED0E1E0EBA013056CA073DD /* WatchDashboardView.swift in Sources */,
				A1B2C3D4E5F60718A9B0C1D2 /* WatchLogSetView.swift in Sources */,
				32A5B35F02F8DBDC9D9FED41 /* WatchConnectivityManager.swift in Sources */,
			);
			runOnlyForDeploymentPostprocessing = 0;
		};
/* End PBXSourcesBuildPhase section */

/* Begin PBXTargetDependency section */
		2726C0472FDF0DFF00DF2EEB /* PBXTargetDependency */ = {
			isa = PBXTargetDependency;
			target = 2726C0362FDF0DFE00DF2EEB /* PrivateLiftWidgetExtension */;
			targetProxy = 2726C0462FDF0DFF00DF2EEB /* PBXContainerItemProxy */;
		};
		C21633C9D7EA4A9F60FE5826 /* PBXTargetDependency */ = {
			isa = PBXTargetDependency;
			name = PersonalLiftWatch;
			target = C5428368A3E29008BA85924E /* PersonalLiftWatch */;
			targetProxy = 3238E8CE7CE7645DF8C65F7E /* PBXContainerItemProxy */;
		};
/* End PBXTargetDependency section */

/* Begin XCBuildConfiguration section */
		0D0031D9C1045DEBC167CFFD /* Debug */ = {
			isa = XCBuildConfiguration;
			buildSettings = {
				ASSETCATALOG_COMPILER_APPICON_NAME = AppIcon;
				CODE_SIGN_ENTITLEMENTS = PrivateLiftWatch/PersonalLiftWatch.entitlements;
				CODE_SIGN_STYLE = Automatic;
				CURRENT_PROJECT_VERSION = 1;
				DEVELOPMENT_TEAM = D42P76Y3LR;
				GENERATE_INFOPLIST_FILE = YES;
				INFOPLIST_KEY_CFBundleDisplayName = PersonalLift;
				INFOPLIST_KEY_CFBundleName = PersonalLift;
				INFOPLIST_KEY_NSHealthShareUsageDescription = "PersonalLift does not read data from Apple Health. It only writes workout records and related metrics.";
				INFOPLIST_KEY_NSHealthUpdateUsageDescription = "PersonalLift requires permission to save workout records, active energy burned, and body mass directly to your Apple Health app.";
				INFOPLIST_KEY_WKApplication = YES;
				INFOPLIST_KEY_WKCompanionAppBundleIdentifier = "Nelson-Computers.PrivateLift";
				INFOPLIST_KEY_WKRunsIndependentlyOfCompanionApp = NO;
				MARKETING_VERSION = 1.3.1;
				PRODUCT_BUNDLE_IDENTIFIER = "Nelson-Computers.PrivateLift.watchkitapp";
				PRODUCT_NAME = PersonalLiftWatch;
				SDKROOT = watchos;
				SKIP_INSTALL = YES;
				SUPPORTED_PLATFORMS = "watchos watchsimulator";
				SWIFT_VERSION = 5.0;
				TARGETED_DEVICE_FAMILY = 4;
				WATCHOS_DEPLOYMENT_TARGET = 9.0;
			};
			name = Debug;
		};
		2726C04A2FDF0DFF00DF2EEB /* Debug */ = {
			isa = XCBuildConfiguration;
			buildSettings = {
				ASSETCATALOG_COMPILER_GLOBAL_ACCENT_COLOR_NAME = AccentColor;
				ASSETCATALOG_COMPILER_WIDGET_BACKGROUND_COLOR_NAME = WidgetBackground;
				CODE_SIGN_STYLE = Automatic;
				CURRENT_PROJECT_VERSION = 1;
				DEVELOPMENT_TEAM = D42P76Y3LR;
				GENERATE_INFOPLIST_FILE = YES;
				INFOPLIST_FILE = PrivateLiftWidget/Info.plist;
				INFOPLIST_KEY_CFBundleDisplayName = PrivateLiftWidget;
				INFOPLIST_KEY_NSHumanReadableCopyright = "";
				IPHONEOS_DEPLOYMENT_TARGET = 18.6;
				LD_RUNPATH_SEARCH_PATHS = (
					"$(inherited)",
					"@executable_path/Frameworks",
					"@executable_path/../../Frameworks",
				);
				MARKETING_VERSION = 1.3.1;
				PRODUCT_BUNDLE_IDENTIFIER = "Nelson-Computers.PrivateLift.PrivateLiftWidget";
				PRODUCT_NAME = "$(TARGET_NAME)";
				SKIP_INSTALL = YES;
				STRING_CATALOG_GENERATE_SYMBOLS = YES;
				SWIFT_APPROACHABLE_CONCURRENCY = YES;
				SWIFT_EMIT_LOC_STRINGS = YES;
				SWIFT_UPCOMING_FEATURE_MEMBER_IMPORT_VISIBILITY = YES;
				SWIFT_VERSION = 5.0;
				TARGETED_DEVICE_FAMILY = "1,2";
			};
			name = Debug;
		};
		2726C04B2FDF0DFF00DF2EEB /* Release */ = {
			isa = XCBuildConfiguration;
			buildSettings = {
				ASSETCATALOG_COMPILER_GLOBAL_ACCENT_COLOR_NAME = AccentColor;
				ASSETCATALOG_COMPILER_WIDGET_BACKGROUND_COLOR_NAME = WidgetBackground;
				CODE_SIGN_STYLE = Automatic;
				CURRENT_PROJECT_VERSION = 1;
				DEVELOPMENT_TEAM = D42P76Y3LR;
				GENERATE_INFOPLIST_FILE = YES;
				INFOPLIST_FILE = PrivateLiftWidget/Info.plist;
				INFOPLIST_KEY_CFBundleDisplayName = PrivateLiftWidget;
				INFOPLIST_KEY_NSHumanReadableCopyright = "";
				IPHONEOS_DEPLOYMENT_TARGET = 18.6;
				LD_RUNPATH_SEARCH_PATHS = (
					"$(inherited)",
					"@executable_path/Frameworks",
					"@executable_path/../../Frameworks",
				);
				MARKETING_VERSION = 1.3.1;
				PRODUCT_BUNDLE_IDENTIFIER = "Nelson-Computers.PrivateLift.PrivateLiftWidget";
				PRODUCT_NAME = "$(TARGET_NAME)";
				SKIP_INSTALL = YES;
				STRING_CATALOG_GENERATE_SYMBOLS = YES;
				SWIFT_APPROACHABLE_CONCURRENCY = YES;
				SWIFT_EMIT_LOC_STRINGS = YES;
				SWIFT_UPCOMING_FEATURE_MEMBER_IMPORT_VISIBILITY = YES;
				SWIFT_VERSION = 5.0;
				TARGETED_DEVICE_FAMILY = "1,2";
			};
			name = Release;
		};
		277DFDF82FCC95CB00D40D44 /* Debug */ = {
			isa = XCBuildConfiguration;
			buildSettings = {
				ALWAYS_SEARCH_USER_PATHS = NO;
				ASSETCATALOG_COMPILER_GENERATE_SWIFT_ASSET_SYMBOL_EXTENSIONS = YES;
				CLANG_ANALYZER_NONNULL = YES;
				CLANG_ANALYZER_NUMBER_OBJECT_CONVERSION = YES_AGGRESSIVE;
				CLANG_CXX_LANGUAGE_STANDARD = "gnu++20";
				CLANG_ENABLE_MODULES = YES;
				CLANG_ENABLE_OBJC_ARC = YES;
				CLANG_ENABLE_OBJC_WEAK = YES;
				CLANG_WARN_BLOCK_CAPTURE_AUTORELEASING = YES;
				CLANG_WARN_BOOL_CONVERSION = YES;
				CLANG_WARN_COMMA = YES;
				CLANG_WARN_CONSTANT_CONVERSION = YES;
				CLANG_WARN_DEPRECATED_OBJC_IMPLEMENTATIONS = YES;
				CLANG_WARN_DIRECT_OBJC_ISA_USAGE = YES_ERROR;
				CLANG_WARN_DOCUMENTATION_COMMENTS = YES;
				CLANG_WARN_EMPTY_BODY = YES;
				CLANG_WARN_ENUM_CONVERSION = YES;
				CLANG_WARN_INFINITE_RECURSION = YES;
				CLANG_WARN_INT_CONVERSION = YES;
				CLANG_WARN_NON_LITERAL_NULL_CONVERSION = YES;
				CLANG_WARN_OBJC_IMPLICIT_RETAIN_SELF = YES;
				CLANG_WARN_OBJC_LITERAL_CONVERSION = YES;
				CLANG_WARN_OBJC_ROOT_CLASS = YES_ERROR;
				CLANG_WARN_QUOTED_INCLUDE_IN_FRAMEWORK_HEADER = YES;
				CLANG_WARN_RANGE_LOOP_ANALYSIS = YES;
				CLANG_WARN_STRICT_PROTOTYPES = YES;
				CLANG_WARN_SUSPICIOUS_MOVE = YES;
				CLANG_WARN_UNGUARDED_AVAILABILITY = YES_AGGRESSIVE;
				CLANG_WARN_UNREACHABLE_CODE = YES;
				CLANG_WARN__DUPLICATE_METHOD_MATCH = YES;
				COPY_PHASE_STRIP = NO;
				DEBUG_INFORMATION_FORMAT = dwarf;
				ENABLE_STRICT_OBJC_MSGSEND = YES;
				ENABLE_TESTABILITY = YES;
				ENABLE_USER_SCRIPT_SANDBOXING = YES;
				GCC_C_LANGUAGE_STANDARD = gnu17;
				GCC_DYNAMIC_NO_PIC = NO;
				GCC_NO_COMMON_BLOCKS = YES;
				GCC_OPTIMIZATION_LEVEL = 0;
				GCC_PREPROCESSOR_DEFINITIONS = (
					"DEBUG=1",
					"$(inherited)",
				);
				GCC_WARN_64_TO_32_BIT_CONVERSION = YES;
				GCC_WARN_ABOUT_RETURN_TYPE = YES_ERROR;
				GCC_WARN_UNDECLARED_SELECTOR = YES;
				GCC_WARN_UNINITIALIZED_AUTOS = YES_AGGRESSIVE;
				GCC_WARN_UNUSED_FUNCTION = YES;
				GCC_WARN_UNUSED_VARIABLE = YES;
				IPHONEOS_DEPLOYMENT_TARGET = 26.5;
				LOCALIZATION_PREFERS_STRING_CATALOGS = YES;
				MTL_ENABLE_DEBUG_INFO = INCLUDE_SOURCE;
				MTL_FAST_MATH = YES;
				ONLY_ACTIVE_ARCH = YES;
				SDKROOT = iphoneos;
				STRING_CATALOG_GENERATE_SYMBOLS = YES;
				SWIFT_ACTIVE_COMPILATION_CONDITIONS = "DEBUG $(inherited)";
				SWIFT_OPTIMIZATION_LEVEL = "-Onone";
			};
			name = Debug;
		};
		277DFDF92FCC95CB00D40D44 /* Release */ = {
			isa = XCBuildConfiguration;
			buildSettings = {
				ALWAYS_SEARCH_USER_PATHS = NO;
				ASSETCATALOG_COMPILER_GENERATE_SWIFT_ASSET_SYMBOL_EXTENSIONS = YES;
				CLANG_ANALYZER_NONNULL = YES;
				CLANG_ANALYZER_NUMBER_OBJECT_CONVERSION = YES_AGGRESSIVE;
				CLANG_CXX_LANGUAGE_STANDARD = "gnu++20";
				CLANG_ENABLE_MODULES = YES;
				CLANG_ENABLE_OBJC_ARC = YES;
				CLANG_ENABLE_OBJC_WEAK = YES;
				CLANG_WARN_BLOCK_CAPTURE_AUTORELEASING = YES;
				CLANG_WARN_BOOL_CONVERSION = YES;
				CLANG_WARN_COMMA = YES;
				CLANG_WARN_CONSTANT_CONVERSION = YES;
				CLANG_WARN_DEPRECATED_OBJC_IMPLEMENTATIONS = YES;
				CLANG_WARN_DIRECT_OBJC_ISA_USAGE = YES_ERROR;
				CLANG_WARN_DOCUMENTATION_COMMENTS = YES;
				CLANG_WARN_EMPTY_BODY = YES;
				CLANG_WARN_ENUM_CONVERSION = YES;
				CLANG_WARN_INFINITE_RECURSION = YES;
				CLANG_WARN_INT_CONVERSION = YES;
				CLANG_WARN_NON_LITERAL_NULL_CONVERSION = YES;
				CLANG_WARN_OBJC_IMPLICIT_RETAIN_SELF = YES;
				CLANG_WARN_OBJC_LITERAL_CONVERSION = YES;
				CLANG_WARN_OBJC_ROOT_CLASS = YES_ERROR;
				CLANG_WARN_QUOTED_INCLUDE_IN_FRAMEWORK_HEADER = YES;
				CLANG_WARN_RANGE_LOOP_ANALYSIS = YES;
				CLANG_WARN_STRICT_PROTOTYPES = YES;
				CLANG_WARN_SUSPICIOUS_MOVE = YES;
				CLANG_WARN_UNGUARDED_AVAILABILITY = YES_AGGRESSIVE;
				CLANG_WARN_UNREACHABLE_CODE = YES;
				CLANG_WARN__DUPLICATE_METHOD_MATCH = YES;
				COPY_PHASE_STRIP = NO;
				DEBUG_INFORMATION_FORMAT = "dwarf-with-dsym";
				ENABLE_NS_ASSERTIONS = NO;
				ENABLE_STRICT_OBJC_MSGSEND = YES;
				ENABLE_USER_SCRIPT_SANDBOXING = YES;
				GCC_C_LANGUAGE_STANDARD = gnu17;
				GCC_NO_COMMON_BLOCKS = YES;
				GCC_WARN_64_TO_32_BIT_CONVERSION = YES;
				GCC_WARN_ABOUT_RETURN_TYPE = YES_ERROR;
				GCC_WARN_UNDECLARED_SELECTOR = YES;
				GCC_WARN_UNINITIALIZED_AUTOS = YES_AGGRESSIVE;
				GCC_WARN_UNUSED_FUNCTION = YES;
				GCC_WARN_UNUSED_VARIABLE = YES;
				IPHONEOS_DEPLOYMENT_TARGET = 26.5;
				LOCALIZATION_PREFERS_STRING_CATALOGS = YES;
				MTL_ENABLE_DEBUG_INFO = NO;
				MTL_FAST_MATH = YES;
				SDKROOT = iphoneos;
				STRING_CATALOG_GENERATE_SYMBOLS = YES;
				SWIFT_COMPILATION_MODE = wholemodule;
				VALIDATE_PRODUCT = YES;
			};
			name = Release;
		};
		277DFDFB2FCC95CB00D40D44 /* Debug */ = {
			isa = XCBuildConfiguration;
			buildSettings = {
				ASSETCATALOG_COMPILER_APPICON_NAME = AppIcon;
				ASSETCATALOG_COMPILER_GLOBAL_ACCENT_COLOR_NAME = AccentColor;
				ASSETCATALOG_COMPILER_INCLUDE_ALL_APPICON_ASSETS = YES;
				CODE_SIGN_ENTITLEMENTS = PrivateLift/PrivateLift.entitlements;
				CODE_SIGN_STYLE = Automatic;
				CURRENT_PROJECT_VERSION = 1;
				DEVELOPMENT_TEAM = D42P76Y3LR;
				ENABLE_PREVIEWS = YES;
				GENERATE_INFOPLIST_FILE = NO;
				INFOPLIST_FILE = PrivateLift/PrivateLift/Info.plist;
				INFOPLIST_KEY_CFBundleDisplayName = PersonalLift;
				INFOPLIST_KEY_LSApplicationCategoryType = "public.app-category.healthcare-fitness";
				IPHONEOS_DEPLOYMENT_TARGET = 18.6;
				LD_RUNPATH_SEARCH_PATHS = (
					"$(inherited)",
					"@executable_path/Frameworks",
				);
				MARKETING_VERSION = 1.3.1;
				PRODUCT_BUNDLE_IDENTIFIER = "Nelson-Computers.PrivateLift";
				PRODUCT_NAME = "$(TARGET_NAME)";
				STRING_CATALOG_GENERATE_SYMBOLS = YES;
				SWIFT_APPROACHABLE_CONCURRENCY = YES;
				SWIFT_DEFAULT_ACTOR_ISOLATION = MainActor;
				SWIFT_EMIT_LOC_STRINGS = YES;
				SWIFT_UPCOMING_FEATURE_MEMBER_IMPORT_VISIBILITY = YES;
				SWIFT_VERSION = 5.0;
				TARGETED_DEVICE_FAMILY = "1,2";
			};
			name = Debug;
		};
		277DFDFC2FCC95CB00D40D44 /* Release */ = {
			isa = XCBuildConfiguration;
			buildSettings = {
				ASSETCATALOG_COMPILER_APPICON_NAME = AppIcon;
				ASSETCATALOG_COMPILER_GLOBAL_ACCENT_COLOR_NAME = AccentColor;
				ASSETCATALOG_COMPILER_INCLUDE_ALL_APPICON_ASSETS = YES;
				CODE_SIGN_ENTITLEMENTS = PrivateLift/PrivateLift.entitlements;
				CODE_SIGN_STYLE = Automatic;
				CURRENT_PROJECT_VERSION = 1;
				DEVELOPMENT_TEAM = D42P76Y3LR;
				ENABLE_PREVIEWS = YES;
				GENERATE_INFOPLIST_FILE = NO;
				INFOPLIST_FILE = PrivateLift/PrivateLift/Info.plist;
				INFOPLIST_KEY_CFBundleDisplayName = PersonalLift;
				INFOPLIST_KEY_LSApplicationCategoryType = "public.app-category.healthcare-fitness";
				IPHONEOS_DEPLOYMENT_TARGET = 18.6;
				LD_RUNPATH_SEARCH_PATHS = (
					"$(inherited)",
					"@executable_path/Frameworks",
				);
				MARKETING_VERSION = 1.3.1;
				PRODUCT_BUNDLE_IDENTIFIER = "Nelson-Computers.PrivateLift";
				PRODUCT_NAME = "$(TARGET_NAME)";
				STRING_CATALOG_GENERATE_SYMBOLS = YES;
				SWIFT_APPROACHABLE_CONCURRENCY = YES;
				SWIFT_DEFAULT_ACTOR_ISOLATION = MainActor;
				SWIFT_EMIT_LOC_STRINGS = YES;
				SWIFT_UPCOMING_FEATURE_MEMBER_IMPORT_VISIBILITY = YES;
				SWIFT_VERSION = 5.0;
				TARGETED_DEVICE_FAMILY = "1,2";
			};
			name = Release;
		};
		55B1FD1BB1A94E07AA60E9C8 /* Release */ = {
			isa = XCBuildConfiguration;
			buildSettings = {
				ASSETCATALOG_COMPILER_APPICON_NAME = AppIcon;
				CODE_SIGN_ENTITLEMENTS = PrivateLiftWatch/PersonalLiftWatch.entitlements;
				CODE_SIGN_STYLE = Automatic;
				CURRENT_PROJECT_VERSION = 1;
				DEVELOPMENT_TEAM = D42P76Y3LR;
				GENERATE_INFOPLIST_FILE = YES;
				INFOPLIST_KEY_CFBundleDisplayName = PersonalLift;
				INFOPLIST_KEY_CFBundleName = PersonalLift;
				INFOPLIST_KEY_NSHealthShareUsageDescription = "PersonalLift does not read data from Apple Health. It only writes workout records and related metrics.";
				INFOPLIST_KEY_NSHealthUpdateUsageDescription = "PersonalLift requires permission to save workout records, active energy burned, and body mass directly to your Apple Health app.";
				INFOPLIST_KEY_WKApplication = YES;
				INFOPLIST_KEY_WKCompanionAppBundleIdentifier = "Nelson-Computers.PrivateLift";
				INFOPLIST_KEY_WKRunsIndependentlyOfCompanionApp = NO;
				MARKETING_VERSION = 1.3.1;
				PRODUCT_BUNDLE_IDENTIFIER = "Nelson-Computers.PrivateLift.watchkitapp";
				PRODUCT_NAME = PersonalLiftWatch;
				SDKROOT = watchos;
				SKIP_INSTALL = YES;
				SUPPORTED_PLATFORMS = "watchos watchsimulator";
				SWIFT_VERSION = 5.0;
				TARGETED_DEVICE_FAMILY = 4;
				VALIDATE_PRODUCT = YES;
				WATCHOS_DEPLOYMENT_TARGET = 9.0;
			};
			name = Release;
		};
/* End XCBuildConfiguration section */

/* Begin XCConfigurationList section */
		2726C04C2FDF0DFF00DF2EEB /* Build configuration list for PBXNativeTarget "PrivateLiftWidgetExtension" */ = {
			isa = XCConfigurationList;
			buildConfigurations = (
				2726C04A2FDF0DFF00DF2EEB /* Debug */,
				2726C04B2FDF0DFF00DF2EEB /* Release */,
			);
			defaultConfigurationIsVisible = 0;
			defaultConfigurationName = Release;
		};
		277DFDEA2FCC95C900D40D44 /* Build configuration list for PBXProject "PrivateLift" */ = {
			isa = XCConfigurationList;
			buildConfigurations = (
				277DFDF82FCC95CB00D40D44 /* Debug */,
				277DFDF92FCC95CB00D40D44 /* Release */,
			);
			defaultConfigurationIsVisible = 0;
			defaultConfigurationName = Release;
		};
		277DFDFA2FCC95CB00D40D44 /* Build configuration list for PBXNativeTarget "PrivateLift" */ = {
			isa = XCConfigurationList;
			buildConfigurations = (
				277DFDFB2FCC95CB00D40D44 /* Debug */,
				277DFDFC2FCC95CB00D40D44 /* Release */,
			);
			defaultConfigurationIsVisible = 0;
			defaultConfigurationName = Release;
		};
		30FDC387DC347E5206F438E1 /* Build configuration list for PBXNativeTarget "PersonalLiftWatch" */ = {
			isa = XCConfigurationList;
			buildConfigurations = (
				55B1FD1BB1A94E07AA60E9C8 /* Release */,
				0D0031D9C1045DEBC167CFFD /* Debug */,
			);
			defaultConfigurationIsVisible = 0;
			defaultConfigurationName = Release;
		};
/* End XCConfigurationList section */
	};
	rootObject = 277DFDE72FCC95C900D40D44 /* Project object */;
}
